
Microsoft Visual Studio Solution File, Format Version 12.00
# Visual Studio Version 17
VisualStudioVersion = 17.4.33213.308
MinimumVisualStudioVersion = 10.0.40219.1
Project("{FAE04EC0-301F-11D3-BF4B-00C04F79EFBC}") = "ToDo", "ToDo\ToDo.csproj", "{1C883CBF-69D9-420E-A864-FE0843D44B6E}"
EndProject
Global
	GlobalSection(SolutionConfigurationPlatforms) = preSolution
		Debug|Any CPU = Debug|Any CPU
		Release|Any CPU = Release|Any CPU
	EndGlobalSection
	GlobalSection(ProjectConfigurationPlatforms) = postSolution
		{1C883CBF-69D9-420E-A864-FE0843D44B6E}.Debug|Any CPU.ActiveCfg = Debug|Any CPU
		{1C883CBF-69D9-420E-A864-FE0843D44B6E}.Debug|Any CPU.Build.0 = Debug|Any CPU
		{1C883CBF-69D9-420E-A864-FE0843D44B6E}.Release|Any CPU.ActiveCfg = Release|Any CPU
		{1C883CBF-69D9-420E-A864-FE0843D44B6E}.Release|Any CPU.Build.0 = Release|Any CPU
	EndGlobalSection
	GlobalSection(SolutionProperties) = preSolution
		HideSolutionNode = FALSE
	EndGlobalSection
	GlobalSection(ExtensibilityGlobals) = postSolution
		SolutionGuid = {BB05000E-B9B6-4973-A084-FB8CE5023B70}
	EndGlobalSection
EndGlobal
