
Microsoft Visual Studio Solution File, Format Version 12.00
# Visual Studio Version 17
VisualStudioVersion = 17.4.33213.308
MinimumVisualStudioVersion = 10.0.40219.1
Project("{FAE04EC0-301F-11D3-BF4B-00C04F79EFBC}") = "EbillApplication", "EbillApplication\EbillApplication.csproj", "{D5E2EDD0-43A9-4740-ADCD-6C4767A956F2}"
EndProject
Global
	GlobalSection(SolutionConfigurationPlatforms) = preSolution
		Debug|Any CPU = Debug|Any CPU
		Release|Any CPU = Release|Any CPU
	EndGlobalSection
	GlobalSection(ProjectConfigurationPlatforms) = postSolution
		{D5E2EDD0-43A9-4740-ADCD-6C4767A956F2}.Debug|Any CPU.ActiveCfg = Debug|Any CPU
		{D5E2EDD0-43A9-4740-ADCD-6C4767A956F2}.Debug|Any CPU.Build.0 = Debug|Any CPU
		{D5E2EDD0-43A9-4740-ADCD-6C4767A956F2}.Release|Any CPU.ActiveCfg = Release|Any CPU
		{D5E2EDD0-43A9-4740-ADCD-6C4767A956F2}.Release|Any CPU.Build.0 = Release|Any CPU
	EndGlobalSection
	GlobalSection(SolutionProperties) = preSolution
		HideSolutionNode = FALSE
	EndGlobalSection
	GlobalSection(ExtensibilityGlobals) = postSolution
		SolutionGuid = {79F986A8-3ABF-4519-BE17-E7FDB6641F47}
	EndGlobalSection
EndGlobal
