
Microsoft Visual Studio Solution File, Format Version 12.00
# Visual Studio Version 17
VisualStudioVersion = 17.4.33213.308
MinimumVisualStudioVersion = 10.0.40219.1
Project("{FAE04EC0-301F-11D3-BF4B-00C04F79EFBC}") = "Employee", "Employee\Employee.csproj", "{DA7D93B7-9C87-4AD8-B4DE-BB9B3A13D0FD}"
EndProject
Global
	GlobalSection(SolutionConfigurationPlatforms) = preSolution
		Debug|Any CPU = Debug|Any CPU
		Release|Any CPU = Release|Any CPU
	EndGlobalSection
	GlobalSection(ProjectConfigurationPlatforms) = postSolution
		{DA7D93B7-9C87-4AD8-B4DE-BB9B3A13D0FD}.Debug|Any CPU.ActiveCfg = Debug|Any CPU
		{DA7D93B7-9C87-4AD8-B4DE-BB9B3A13D0FD}.Debug|Any CPU.Build.0 = Debug|Any CPU
		{DA7D93B7-9C87-4AD8-B4DE-BB9B3A13D0FD}.Release|Any CPU.ActiveCfg = Release|Any CPU
		{DA7D93B7-9C87-4AD8-B4DE-BB9B3A13D0FD}.Release|Any CPU.Build.0 = Release|Any CPU
	EndGlobalSection
	GlobalSection(SolutionProperties) = preSolution
		HideSolutionNode = FALSE
	EndGlobalSection
	GlobalSection(ExtensibilityGlobals) = postSolution
		SolutionGuid = {07AF95ED-1FC4-490A-AD61-92A7C6380C3B}
	EndGlobalSection
EndGlobal
